
Microsoft Visual Studio Solution File, Format Version 12.00
# Visual Studio Version 16
VisualStudioVersion = 16.0.31205.134
MinimumVisualStudioVersion = 10.0.40219.1
Project("{9A19103F-16F7-4668-BE54-9A1E7A4F7556}") = "baigiang", "baigiang\baigiang.csproj", "{520151D7-E482-4571-824E-3ED8FBEEF5D5}"
EndProject
Project("{FAE04EC0-301F-11D3-BF4B-00C04F79EFBC}") = "b1", "b1\b1.csproj", "{E9023C4A-46DA-4381-8C4A-EF4B49CA5344}"
EndProject
Global
	GlobalSection(SolutionConfigurationPlatforms) = preSolution
		Debug|Any CPU = Debug|Any CPU
		Release|Any CPU = Release|Any CPU
	EndGlobalSection
	GlobalSection(ProjectConfigurationPlatforms) = postSolution
		{520151D7-E482-4571-824E-3ED8FBEEF5D5}.Debug|Any CPU.ActiveCfg = Debug|Any CPU
		{520151D7-E482-4571-824E-3ED8FBEEF5D5}.Debug|Any CPU.Build.0 = Debug|Any CPU
		{520151D7-E482-4571-824E-3ED8FBEEF5D5}.Release|Any CPU.ActiveCfg = Release|Any CPU
		{520151D7-E482-4571-824E-3ED8FBEEF5D5}.Release|Any CPU.Build.0 = Release|Any CPU
		{E9023C4A-46DA-4381-8C4A-EF4B49CA5344}.Debug|Any CPU.ActiveCfg = Debug|Any CPU
		{E9023C4A-46DA-4381-8C4A-EF4B49CA5344}.Debug|Any CPU.Build.0 = Debug|Any CPU
		{E9023C4A-46DA-4381-8C4A-EF4B49CA5344}.Release|Any CPU.ActiveCfg = Release|Any CPU
		{E9023C4A-46DA-4381-8C4A-EF4B49CA5344}.Release|Any CPU.Build.0 = Release|Any CPU
	EndGlobalSection
	GlobalSection(SolutionProperties) = preSolution
		HideSolutionNode = FALSE
	EndGlobalSection
	GlobalSection(ExtensibilityGlobals) = postSolution
		SolutionGuid = {8078CA95-B262-4843-80B4-8E65AAF59B6A}
	EndGlobalSection
EndGlobal
